// !$*UTF8*$!
{
	archiveVersion = 1;
	classes = {
	};
	objectVersion = 63;
	objects = {

/* Begin PBXBuildFile section */
		C00CBBE12C9A0C290082E92D /* Config.xcconfig in Resources */ = {isa = PBXBuildFile; fileRef = C00CBBE02C9A0C290082E92D /* Config.xcconfig */; };
		C00CBBE72C9A112E0082E92D /* TelemetryDeck in Frameworks */ = {isa = PBXBuildFile; productRef = C00CBBE62C9A112E0082E92D /* TelemetryDeck */; };
		C03A44802C9AA77000992213 /* Config.swift in Sources */ = {isa = PBXBuildFile; fileRef = C03A447F2C9AA77000992213 /* Config.swift */; };
		C03A44832C9AA78400992213 /* AppConfiguration.swift in Sources */ = {isa = PBXBuildFile; fileRef = C03A44822C9AA78400992213 /* AppConfiguration.swift */; };
		C05A26EB2C8746850052F53A /* MapTrackerApp.swift in Sources */ = {isa = PBXBuildFile; fileRef = C05A26EA2C8746850052F53A /* MapTrackerApp.swift */; };
		C05A26ED2C8746850052F53A /* ContentView.swift in Sources */ = {isa = PBXBuildFile; fileRef = C05A26EC2C8746850052F53A /* ContentView.swift */; };
		C05A26F12C8746870052F53A /* Assets.xcassets in Resources */ = {isa = PBXBuildFile; fileRef = C05A26F02C8746870052F53A /* Assets.xcassets */; };
		C07D6BDF2C8F3C5100B45669 /* Preview Assets.xcassets in Resources */ = {isa = PBXBuildFile; fileRef = C07D6BDE2C8F3C5100B45669 /* Preview Assets.xcassets */; };
		C0AC6D2F2C9D57F800E8E9A2 /* MapView.swift in Sources */ = {isa = PBXBuildFile; fileRef = C0AC6D2E2C9D57F800E8E9A2 /* MapView.swift */; };
		C0B4B7AF2C8836E5001495E9 /* LocationManager.swift in Sources */ = {isa = PBXBuildFile; fileRef = C0B4B7AE2C8836E3001495E9 /* LocationManager.swift */; };
		C0B4B7B22C883725001495E9 /* Array+Extensions.swift in Sources */ = {isa = PBXBuildFile; fileRef = C0B4B7B12C883725001495E9 /* Array+Extensions.swift */; };
		C0B4B7B42C88372B001495E9 /* Double+Extensions.swift in Sources */ = {isa = PBXBuildFile; fileRef = C0B4B7B32C88372B001495E9 /* Double+Extensions.swift */; };
		C0B4B7B62C88373A001495E9 /* CLLocationCoordinate2D+Extensions.swift in Sources */ = {isa = PBXBuildFile; fileRef = C0B4B7B52C88373A001495E9 /* CLLocationCoordinate2D+Extensions.swift */; };
		C0B4B7B92C89E872001495E9 /* RoutePart.swift in Sources */ = {isa = PBXBuildFile; fileRef = C0B4B7B82C89E870001495E9 /* RoutePart.swift */; };
		C0B4B7C02C89E939001495E9 /* MapPlannerView.swift in Sources */ = {isa = PBXBuildFile; fileRef = C0B4B7BF2C89E939001495E9 /* MapPlannerView.swift */; };
		C0B4B7C22C89EB8B001495E9 /* SavedRoutesView.swift in Sources */ = {isa = PBXBuildFile; fileRef = C0B4B7C12C89EB8B001495E9 /* SavedRoutesView.swift */; };
		C0B4B7C42C89EC24001495E9 /* Route.swift in Sources */ = {isa = PBXBuildFile; fileRef = C0B4B7C32C89EC23001495E9 /* Route.swift */; };
		C0B4B7C62C89FCFE001495E9 /* SavedRouteDetailView.swift in Sources */ = {isa = PBXBuildFile; fileRef = C0B4B7C52C89FCFE001495E9 /* SavedRouteDetailView.swift */; };
		C0B4B7C82C89FD46001495E9 /* RoutePinLocation.swift in Sources */ = {isa = PBXBuildFile; fileRef = C0B4B7C72C89FD46001495E9 /* RoutePinLocation.swift */; };
		C0B4B7CA2C89FD67001495E9 /* CoordinateData.swift in Sources */ = {isa = PBXBuildFile; fileRef = C0B4B7C92C89FD66001495E9 /* CoordinateData.swift */; };
/* End PBXBuildFile section */

/* Begin PBXFileReference section */
		C00CBBE02C9A0C290082E92D /* Config.xcconfig */ = {isa = PBXFileReference; lastKnownFileType = text.xcconfig; path = Config.xcconfig; sourceTree = "<group>"; };
		C03A447F2C9AA77000992213 /* Config.swift */ = {isa = PBXFileReference; lastKnownFileType = sourcecode.swift; path = Config.swift; sourceTree = "<group>"; };
		C03A44822C9AA78400992213 /* AppConfiguration.swift */ = {isa = PBXFileReference; lastKnownFileType = sourcecode.swift; path = AppConfiguration.swift; sourceTree = "<group>"; };
		C05A26E72C8746850052F53A /* WorkoutMap.app */ = {isa = PBXFileReference; explicitFileType = wrapper.application; includeInIndex = 0; path = WorkoutMap.app; sourceTree = BUILT_PRODUCTS_DIR; };
		C05A26EA2C8746850052F53A /* MapTrackerApp.swift */ = {isa = PBXFileReference; lastKnownFileType = sourcecode.swift; path = MapTrackerApp.swift; sourceTree = "<group>"; };
		C05A26EC2C8746850052F53A /* ContentView.swift */ = {isa = PBXFileReference; lastKnownFileType = sourcecode.swift; path = ContentView.swift; sourceTree = "<group>"; };
		C05A26F02C8746870052F53A /* Assets.xcassets */ = {isa = PBXFileReference; lastKnownFileType = folder.assetcatalog; path = Assets.xcassets; sourceTree = "<group>"; };
		C05A26F52C8746870052F53A /* MapTracker.entitlements */ = {isa = PBXFileReference; lastKnownFileType = text.plist.entitlements; path = MapTracker.entitlements; sourceTree = "<group>"; };
		C05A26F62C8746870052F53A /* Info.plist */ = {isa = PBXFileReference; lastKnownFileType = text.plist.xml; path = Info.plist; sourceTree = "<group>"; };
		C07D6BDD2C8F35DC00B45669 /* README.md */ = {isa = PBXFileReference; lastKnownFileType = net.daringfireball.markdown; path = README.md; sourceTree = "<group>"; };
		C07D6BDE2C8F3C5100B45669 /* Preview Assets.xcassets */ = {isa = PBXFileReference; lastKnownFileType = folder.assetcatalog; path = "Preview Assets.xcassets"; sourceTree = "<group>"; };
		C0AC6D2E2C9D57F800E8E9A2 /* MapView.swift */ = {isa = PBXFileReference; lastKnownFileType = sourcecode.swift; path = MapView.swift; sourceTree = "<group>"; };
		C0B4B7AE2C8836E3001495E9 /* LocationManager.swift */ = {isa = PBXFileReference; lastKnownFileType = sourcecode.swift; path = LocationManager.swift; sourceTree = "<group>"; };
		C0B4B7B12C883725001495E9 /* Array+Extensions.swift */ = {isa = PBXFileReference; lastKnownFileType = sourcecode.swift; path = "Array+Extensions.swift"; sourceTree = "<group>"; };
		C0B4B7B32C88372B001495E9 /* Double+Extensions.swift */ = {isa = PBXFileReference; lastKnownFileType = sourcecode.swift; path = "Double+Extensions.swift"; sourceTree = "<group>"; };
		C0B4B7B52C88373A001495E9 /* CLLocationCoordinate2D+Extensions.swift */ = {isa = PBXFileReference; lastKnownFileType = sourcecode.swift; path = "CLLocationCoordinate2D+Extensions.swift"; sourceTree = "<group>"; };
		C0B4B7B82C89E870001495E9 /* RoutePart.swift */ = {isa = PBXFileReference; lastKnownFileType = sourcecode.swift; path = RoutePart.swift; sourceTree = "<group>"; };
		C0B4B7BF2C89E939001495E9 /* MapPlannerView.swift */ = {isa = PBXFileReference; lastKnownFileType = sourcecode.swift; path = MapPlannerView.swift; sourceTree = "<group>"; };
		C0B4B7C12C89EB8B001495E9 /* SavedRoutesView.swift */ = {isa = PBXFileReference; lastKnownFileType = sourcecode.swift; path = SavedRoutesView.swift; sourceTree = "<group>"; };
		C0B4B7C32C89EC23001495E9 /* Route.swift */ = {isa = PBXFileReference; lastKnownFileType = sourcecode.swift; path = Route.swift; sourceTree = "<group>"; };
		C0B4B7C52C89FCFE001495E9 /* SavedRouteDetailView.swift */ = {isa = PBXFileReference; lastKnownFileType = sourcecode.swift; path = SavedRouteDetailView.swift; sourceTree = "<group>"; };
		C0B4B7C72C89FD46001495E9 /* RoutePinLocation.swift */ = {isa = PBXFileReference; lastKnownFileType = sourcecode.swift; path = RoutePinLocation.swift; sourceTree = "<group>"; };
		C0B4B7C92C89FD66001495E9 /* CoordinateData.swift */ = {isa = PBXFileReference; lastKnownFileType = sourcecode.swift; path = CoordinateData.swift; sourceTree = "<group>"; };
/* End PBXFileReference section */

/* Begin PBXFrameworksBuildPhase section */
		C05A26E42C8746850052F53A /* Frameworks */ = {
			isa = PBXFrameworksBuildPhase;
			buildActionMask = 2147483647;
			files = (
				C00CBBE72C9A112E0082E92D /* TelemetryDeck in Frameworks */,
			);
			runOnlyForDeploymentPostprocessing = 0;
		};
/* End PBXFrameworksBuildPhase section */

/* Begin PBXGroup section */
		C03A44812C9AA77D00992213 /* Common */ = {
			isa = PBXGroup;
			children = (
				C03A44822C9AA78400992213 /* AppConfiguration.swift */,
				C03A447F2C9AA77000992213 /* Config.swift */,
			);
			path = Common;
			sourceTree = "<group>";
		};
		C05A26DE2C8746850052F53A = {
			isa = PBXGroup;
			children = (
				C07D6BDD2C8F35DC00B45669 /* README.md */,
				C05A26FD2C876E060052F53A /* WorkoutMap */,
				C05A26E82C8746850052F53A /* Products */,
			);
			sourceTree = "<group>";
		};
		C05A26E82C8746850052F53A /* Products */ = {
			isa = PBXGroup;
			children = (
				C05A26E72C8746850052F53A /* WorkoutMap.app */,
			);
			name = Products;
			sourceTree = "<group>";
		};
		C05A26FD2C876E060052F53A /* WorkoutMap */ = {
			isa = PBXGroup;
			children = (
				C0B4B7BB2C89E8BA001495E9 /* Application */,
				C0B4B7B72C89E864001495E9 /* Domain */,
				C0B4B7BE2C89E8E3001495E9 /* Host */,
				C0B4B7BC2C89E8C9001495E9 /* Infrastructure */,
				C0B4B7BA2C89E8AC001495E9 /* Presentaion */,
				C0B4B7BD2C89E8DA001495E9 /* UI */,
				C05A26F02C8746870052F53A /* Assets.xcassets */,
				C05A26F62C8746870052F53A /* Info.plist */,
				C05A26F52C8746870052F53A /* MapTracker.entitlements */,
				C07D6BE02C8F3F2900B45669 /* Preview Content */,
			);
			path = WorkoutMap;
			sourceTree = "<group>";
		};
		C07D6BE02C8F3F2900B45669 /* Preview Content */ = {
			isa = PBXGroup;
			children = (
				C07D6BDE2C8F3C5100B45669 /* Preview Assets.xcassets */,
			);
			path = "Preview Content";
			sourceTree = "<group>";
		};
		C0B4B7AD2C8836CF001495E9 /* Managers */ = {
			isa = PBXGroup;
			children = (
				C0B4B7AE2C8836E3001495E9 /* LocationManager.swift */,
			);
			path = Managers;
			sourceTree = "<group>";
		};
		C0B4B7B02C883707001495E9 /* Extensions */ = {
			isa = PBXGroup;
			children = (
				C0B4B7B12C883725001495E9 /* Array+Extensions.swift */,
				C0B4B7B32C88372B001495E9 /* Double+Extensions.swift */,
				C0B4B7B52C88373A001495E9 /* CLLocationCoordinate2D+Extensions.swift */,
			);
			path = Extensions;
			sourceTree = "<group>";
		};
		C0B4B7B72C89E864001495E9 /* Domain */ = {
			isa = PBXGroup;
			children = (
				C03A44812C9AA77D00992213 /* Common */,
				C0B4B7C32C89EC23001495E9 /* Route.swift */,
				C0B4B7C72C89FD46001495E9 /* RoutePinLocation.swift */,
				C0B4B7B82C89E870001495E9 /* RoutePart.swift */,
				C0B4B7C92C89FD66001495E9 /* CoordinateData.swift */,
			);
			path = Domain;
			sourceTree = "<group>";
		};
		C0B4B7BA2C89E8AC001495E9 /* Presentaion */ = {
			isa = PBXGroup;
			children = (
				C05A26EC2C8746850052F53A /* ContentView.swift */,
				C0B4B7BF2C89E939001495E9 /* MapPlannerView.swift */,
				C0B4B7C12C89EB8B001495E9 /* SavedRoutesView.swift */,
				C0B4B7C52C89FCFE001495E9 /* SavedRouteDetailView.swift */,
			);
			path = Presentaion;
			sourceTree = "<group>";
		};
		C0B4B7BB2C89E8BA001495E9 /* Application */ = {
			isa = PBXGroup;
			children = (
				C0B4B7B02C883707001495E9 /* Extensions */,
				C0B4B7AD2C8836CF001495E9 /* Managers */,
			);
			path = Application;
			sourceTree = "<group>";
		};
		C0B4B7BC2C89E8C9001495E9 /* Infrastructure */ = {
			isa = PBXGroup;
			children = (
			);
			path = Infrastructure;
			sourceTree = "<group>";
		};
		C0B4B7BD2C89E8DA001495E9 /* UI */ = {
			isa = PBXGroup;
			children = (
				C0AC6D2E2C9D57F800E8E9A2 /* MapView.swift */,
			);
			path = UI;
			sourceTree = "<group>";
		};
		C0B4B7BE2C89E8E3001495E9 /* Host */ = {
			isa = PBXGroup;
			children = (
				C05A26EA2C8746850052F53A /* MapTrackerApp.swift */,
				C00CBBE02C9A0C290082E92D /* Config.xcconfig */,
			);
			path = Host;
			sourceTree = "<group>";
		};
/* End PBXGroup section */

/* Begin PBXNativeTarget section */
		C05A26E62C8746850052F53A /* WorkoutMap */ = {
			isa = PBXNativeTarget;
			buildConfigurationList = C05A26F82C8746870052F53A /* Build configuration list for PBXNativeTarget "WorkoutMap" */;
			buildPhases = (
				C05A26E32C8746850052F53A /* Sources */,
				C05A26E42C8746850052F53A /* Frameworks */,
				C05A26E52C8746850052F53A /* Resources */,
			);
			buildRules = (
			);
			dependencies = (
			);
			name = WorkoutMap;
			packageProductDependencies = (
				C00CBBE62C9A112E0082E92D /* TelemetryDeck */,
			);
			productName = MapTracker;
			productReference = C05A26E72C8746850052F53A /* WorkoutMap.app */;
			productType = "com.apple.product-type.application";
		};
/* End PBXNativeTarget section */

/* Begin PBXProject section */
		C05A26DF2C8746850052F53A /* Project object */ = {
			isa = PBXProject;
			attributes = {
				BuildIndependentTargetsInParallel = 1;
				LastSwiftUpdateCheck = 1600;
				LastUpgradeCheck = 1600;
				TargetAttributes = {
					C05A26E62C8746850052F53A = {
						CreatedOnToolsVersion = 16.0;
					};
				};
			};
			buildConfigurationList = C05A26E22C8746850052F53A /* Build configuration list for PBXProject "WorkoutMap" */;
			compatibilityVersion = "Xcode 15.0";
			developmentRegion = en;
			hasScannedForEncodings = 0;
			knownRegions = (
				en,
				Base,
			);
			mainGroup = C05A26DE2C8746850052F53A;
			minimizedProjectReferenceProxies = 1;
			packageReferences = (
				C00CBBE52C9A112E0082E92D /* XCRemoteSwiftPackageReference "SwiftSDK" */,
			);
			productRefGroup = C05A26E82C8746850052F53A /* Products */;
			projectDirPath = "";
			projectRoot = "";
			targets = (
				C05A26E62C8746850052F53A /* WorkoutMap */,
			);
		};
/* End PBXProject section */

/* Begin PBXResourcesBuildPhase section */
		C05A26E52C8746850052F53A /* Resources */ = {
			isa = PBXResourcesBuildPhase;
			buildActionMask = 2147483647;
			files = (
				C07D6BDF2C8F3C5100B45669 /* Preview Assets.xcassets in Resources */,
				C00CBBE12C9A0C290082E92D /* Config.xcconfig in Resources */,
				C05A26F12C8746870052F53A /* Assets.xcassets in Resources */,
			);
			runOnlyForDeploymentPostprocessing = 0;
		};
/* End PBXResourcesBuildPhase section */

/* Begin PBXSourcesBuildPhase section */
		C05A26E32C8746850052F53A /* Sources */ = {
			isa = PBXSourcesBuildPhase;
			buildActionMask = 2147483647;
			files = (
				C0B4B7C62C89FCFE001495E9 /* SavedRouteDetailView.swift in Sources */,
				C0AC6D2F2C9D57F800E8E9A2 /* MapView.swift in Sources */,
				C0B4B7C02C89E939001495E9 /* MapPlannerView.swift in Sources */,
				C05A26ED2C8746850052F53A /* ContentView.swift in Sources */,
				C03A44802C9AA77000992213 /* Config.swift in Sources */,
				C0B4B7B62C88373A001495E9 /* CLLocationCoordinate2D+Extensions.swift in Sources */,
				C0B4B7CA2C89FD67001495E9 /* CoordinateData.swift in Sources */,
				C03A44832C9AA78400992213 /* AppConfiguration.swift in Sources */,
				C0B4B7C82C89FD46001495E9 /* RoutePinLocation.swift in Sources */,
				C0B4B7C42C89EC24001495E9 /* Route.swift in Sources */,
				C05A26EB2C8746850052F53A /* MapTrackerApp.swift in Sources */,
				C0B4B7AF2C8836E5001495E9 /* LocationManager.swift in Sources */,
				C0B4B7B92C89E872001495E9 /* RoutePart.swift in Sources */,
				C0B4B7B22C883725001495E9 /* Array+Extensions.swift in Sources */,
				C0B4B7B42C88372B001495E9 /* Double+Extensions.swift in Sources */,
				C0B4B7C22C89EB8B001495E9 /* SavedRoutesView.swift in Sources */,
			);
			runOnlyForDeploymentPostprocessing = 0;
		};
/* End PBXSourcesBuildPhase section */

/* Begin XCBuildConfiguration section */
		C05A26F92C8746870052F53A /* Debug */ = {
			isa = XCBuildConfiguration;
			baseConfigurationReference = C00CBBE02C9A0C290082E92D /* Config.xcconfig */;
			buildSettings = {
				ASSETCATALOG_COMPILER_APPICON_NAME = AppIcon;
				ASSETCATALOG_COMPILER_GLOBAL_ACCENT_COLOR_NAME = AccentColor;
				CODE_SIGN_ENTITLEMENTS = MapTracker/MapTracker.entitlements;
				CODE_SIGN_STYLE = Automatic;
				CURRENT_PROJECT_VERSION = 1;
				DEVELOPMENT_ASSET_PATHS = "\"MapTracker/Preview Content\"";
				DEVELOPMENT_TEAM = LGJ5JE8C9X;
				ENABLE_PREVIEWS = YES;
				GENERATE_INFOPLIST_FILE = YES;
				INFOPLIST_FILE = MapTracker/Info.plist;
				INFOPLIST_KEY_CFBundleDisplayName = WorkoutMap;
				INFOPLIST_KEY_LSApplicationCategoryType = "public.app-category.healthcare-fitness";
				INFOPLIST_KEY_NSLocationWhenInUseUsageDescription = "To locate the region where you want to run";
				INFOPLIST_KEY_UIApplicationSceneManifest_Generation = YES;
				INFOPLIST_KEY_UIApplicationSupportsIndirectInputEvents = YES;
				INFOPLIST_KEY_UILaunchScreen_Generation = YES;
				INFOPLIST_KEY_UIRequiresFullScreen = NO;
				INFOPLIST_KEY_UIStatusBarHidden = NO;
				INFOPLIST_KEY_UISupportedInterfaceOrientations = "UIInterfaceOrientationLandscapeLeft UIInterfaceOrientationLandscapeRight UIInterfaceOrientationPortrait UIInterfaceOrientationPortraitUpsideDown";
				IPHONEOS_DEPLOYMENT_TARGET = 17.5;
				LD_RUNPATH_SEARCH_PATHS = (
					"$(inherited)",
					"@executable_path/Frameworks",
				);
				MACOSX_DEPLOYMENT_TARGET = 14.6;
				MARKETING_VERSION = 1.3.0;
				OTHER_SWIFT_FLAGS = "\"-D TELEMENTRYDECK_APP_ID = \\\\\\\"$(TELEMENTRYDECK_APP_ID)\\\\\\\"\"";
				PRODUCT_BUNDLE_IDENTIFIER = nl.codeblock.MapTracker;
				PRODUCT_NAME = "$(TARGET_NAME)";
				SWIFT_EMIT_LOC_STRINGS = YES;
				SWIFT_VERSION = 5.0;
				TARGETED_DEVICE_FAMILY = "1,2";
			};
			name = Debug;
		};
		C05A26FA2C8746870052F53A /* Release */ = {
			isa = XCBuildConfiguration;
			buildSettings = {
				ASSETCATALOG_COMPILER_APPICON_NAME = AppIcon;
				ASSETCATALOG_COMPILER_GLOBAL_ACCENT_COLOR_NAME = AccentColor;
				CODE_SIGN_ENTITLEMENTS = MapTracker/MapTracker.entitlements;
				CODE_SIGN_STYLE = Automatic;
				CURRENT_PROJECT_VERSION = 1;
				DEVELOPMENT_ASSET_PATHS = "\"MapTracker/Preview Content\"";
				DEVELOPMENT_TEAM = LGJ5JE8C9X;
				ENABLE_PREVIEWS = YES;
				GENERATE_INFOPLIST_FILE = YES;
				INFOPLIST_FILE = MapTracker/Info.plist;
				INFOPLIST_KEY_CFBundleDisplayName = WorkoutMap;
				INFOPLIST_KEY_LSApplicationCategoryType = "public.app-category.healthcare-fitness";
				INFOPLIST_KEY_NSLocationWhenInUseUsageDescription = "To locate the region where you want to run";
				INFOPLIST_KEY_UIApplicationSceneManifest_Generation = YES;
				INFOPLIST_KEY_UIApplicationSupportsIndirectInputEvents = YES;
				INFOPLIST_KEY_UILaunchScreen_Generation = YES;
				INFOPLIST_KEY_UIRequiresFullScreen = NO;
				INFOPLIST_KEY_UIStatusBarHidden = NO;
				INFOPLIST_KEY_UISupportedInterfaceOrientations = "UIInterfaceOrientationLandscapeLeft UIInterfaceOrientationLandscapeRight UIInterfaceOrientationPortrait UIInterfaceOrientationPortraitUpsideDown";
				IPHONEOS_DEPLOYMENT_TARGET = 17.5;
				LD_RUNPATH_SEARCH_PATHS = (
					"$(inherited)",
					"@executable_path/Frameworks",
				);
				MACOSX_DEPLOYMENT_TARGET = 14.6;
				MARKETING_VERSION = 1.3.0;
				OTHER_SWIFT_FLAGS = "\"-D TELEMENTRYDECK_APP_ID =\\\\\\\"$(TELEMENTRYDECK_APP_ID)\\\\\\\"\"";
				PRODUCT_BUNDLE_IDENTIFIER = nl.codeblock.MapTracker;
				PRODUCT_NAME = "$(TARGET_NAME)";
				SWIFT_EMIT_LOC_STRINGS = NO;
				SWIFT_VERSION = 5.0;
				TARGETED_DEVICE_FAMILY = "1,2";
			};
			name = Release;
		};
		C05A26FB2C8746870052F53A /* Debug */ = {
			isa = XCBuildConfiguration;
			buildSettings = {
				ALWAYS_SEARCH_USER_PATHS = NO;
				ASSETCATALOG_COMPILER_GENERATE_SWIFT_ASSET_SYMBOL_EXTENSIONS = YES;
				CLANG_ANALYZER_NONNULL = YES;
				CLANG_ANALYZER_NUMBER_OBJECT_CONVERSION = YES_AGGRESSIVE;
				CLANG_CXX_LANGUAGE_STANDARD = "gnu++20";
				CLANG_ENABLE_MODULES = YES;
				CLANG_ENABLE_OBJC_ARC = YES;
				CLANG_ENABLE_OBJC_WEAK = YES;
				CLANG_WARN_BLOCK_CAPTURE_AUTORELEASING = YES;
				CLANG_WARN_BOOL_CONVERSION = YES;
				CLANG_WARN_COMMA = YES;
				CLANG_WARN_CONSTANT_CONVERSION = YES;
				CLANG_WARN_DEPRECATED_OBJC_IMPLEMENTATIONS = YES;
				CLANG_WARN_DIRECT_OBJC_ISA_USAGE = YES_ERROR;
				CLANG_WARN_DOCUMENTATION_COMMENTS = YES;
				CLANG_WARN_EMPTY_BODY = YES;
				CLANG_WARN_ENUM_CONVERSION = YES;
				CLANG_WARN_INFINITE_RECURSION = YES;
				CLANG_WARN_INT_CONVERSION = YES;
				CLANG_WARN_NON_LITERAL_NULL_CONVERSION = YES;
				CLANG_WARN_OBJC_IMPLICIT_RETAIN_SELF = YES;
				CLANG_WARN_OBJC_LITERAL_CONVERSION = YES;
				CLANG_WARN_OBJC_ROOT_CLASS = YES_ERROR;
				CLANG_WARN_QUOTED_INCLUDE_IN_FRAMEWORK_HEADER = YES;
				CLANG_WARN_RANGE_LOOP_ANALYSIS = YES;
				CLANG_WARN_STRICT_PROTOTYPES = YES;
				CLANG_WARN_SUSPICIOUS_MOVE = YES;
				CLANG_WARN_UNGUARDED_AVAILABILITY = YES_AGGRESSIVE;
				CLANG_WARN_UNREACHABLE_CODE = YES;
				CLANG_WARN__DUPLICATE_METHOD_MATCH = YES;
				COPY_PHASE_STRIP = NO;
				DEBUG_INFORMATION_FORMAT = dwarf;
				ENABLE_STRICT_OBJC_MSGSEND = YES;
				ENABLE_TESTABILITY = YES;
				ENABLE_USER_SCRIPT_SANDBOXING = YES;
				GCC_C_LANGUAGE_STANDARD = gnu17;
				GCC_DYNAMIC_NO_PIC = NO;
				GCC_NO_COMMON_BLOCKS = YES;
				GCC_OPTIMIZATION_LEVEL = 0;
				GCC_PREPROCESSOR_DEFINITIONS = (
					"DEBUG=1",
					"$(inherited)",
				);
				GCC_WARN_64_TO_32_BIT_CONVERSION = YES;
				GCC_WARN_ABOUT_RETURN_TYPE = YES_ERROR;
				GCC_WARN_UNDECLARED_SELECTOR = YES;
				GCC_WARN_UNINITIALIZED_AUTOS = YES_AGGRESSIVE;
				GCC_WARN_UNUSED_FUNCTION = YES;
				GCC_WARN_UNUSED_VARIABLE = YES;
				GENERATE_INFOPLIST_FILE = YES;
				IPHONEOS_DEPLOYMENT_TARGET = 17.6;
				LOCALIZATION_PREFERS_STRING_CATALOGS = YES;
				MTL_ENABLE_DEBUG_INFO = INCLUDE_SOURCE;
				MTL_FAST_MATH = YES;
				ONLY_ACTIVE_ARCH = YES;
				SDKROOT = iphoneos;
				SWIFT_ACTIVE_COMPILATION_CONDITIONS = "DEBUG $(inherited)";
				SWIFT_OPTIMIZATION_LEVEL = "-Onone";
			};
			name = Debug;
		};
		C05A26FC2C8746870052F53A /* Release */ = {
			isa = XCBuildConfiguration;
			buildSettings = {
				ALWAYS_SEARCH_USER_PATHS = NO;
				ASSETCATALOG_COMPILER_GENERATE_SWIFT_ASSET_SYMBOL_EXTENSIONS = YES;
				CLANG_ANALYZER_NONNULL = YES;
				CLANG_ANALYZER_NUMBER_OBJECT_CONVERSION = YES_AGGRESSIVE;
				CLANG_CXX_LANGUAGE_STANDARD = "gnu++20";
				CLANG_ENABLE_MODULES = YES;
				CLANG_ENABLE_OBJC_ARC = YES;
				CLANG_ENABLE_OBJC_WEAK = YES;
				CLANG_WARN_BLOCK_CAPTURE_AUTORELEASING = YES;
				CLANG_WARN_BOOL_CONVERSION = YES;
				CLANG_WARN_COMMA = YES;
				CLANG_WARN_CONSTANT_CONVERSION = YES;
				CLANG_WARN_DEPRECATED_OBJC_IMPLEMENTATIONS = YES;
				CLANG_WARN_DIRECT_OBJC_ISA_USAGE = YES_ERROR;
				CLANG_WARN_DOCUMENTATION_COMMENTS = YES;
				CLANG_WARN_EMPTY_BODY = YES;
				CLANG_WARN_ENUM_CONVERSION = YES;
				CLANG_WARN_INFINITE_RECURSION = YES;
				CLANG_WARN_INT_CONVERSION = YES;
				CLANG_WARN_NON_LITERAL_NULL_CONVERSION = YES;
				CLANG_WARN_OBJC_IMPLICIT_RETAIN_SELF = YES;
				CLANG_WARN_OBJC_LITERAL_CONVERSION = YES;
				CLANG_WARN_OBJC_ROOT_CLASS = YES_ERROR;
				CLANG_WARN_QUOTED_INCLUDE_IN_FRAMEWORK_HEADER = YES;
				CLANG_WARN_RANGE_LOOP_ANALYSIS = YES;
				CLANG_WARN_STRICT_PROTOTYPES = YES;
				CLANG_WARN_SUSPICIOUS_MOVE = YES;
				CLANG_WARN_UNGUARDED_AVAILABILITY = YES_AGGRESSIVE;
				CLANG_WARN_UNREACHABLE_CODE = YES;
				CLANG_WARN__DUPLICATE_METHOD_MATCH = YES;
				COPY_PHASE_STRIP = NO;
				DEBUG_INFORMATION_FORMAT = "dwarf-with-dsym";
				ENABLE_NS_ASSERTIONS = NO;
				ENABLE_STRICT_OBJC_MSGSEND = YES;
				ENABLE_USER_SCRIPT_SANDBOXING = YES;
				GCC_C_LANGUAGE_STANDARD = gnu17;
				GCC_NO_COMMON_BLOCKS = YES;
				GCC_WARN_64_TO_32_BIT_CONVERSION = YES;
				GCC_WARN_ABOUT_RETURN_TYPE = YES_ERROR;
				GCC_WARN_UNDECLARED_SELECTOR = YES;
				GCC_WARN_UNINITIALIZED_AUTOS = YES_AGGRESSIVE;
				GCC_WARN_UNUSED_FUNCTION = YES;
				GCC_WARN_UNUSED_VARIABLE = YES;
				GENERATE_INFOPLIST_FILE = YES;
				IPHONEOS_DEPLOYMENT_TARGET = 17.6;
				LOCALIZATION_PREFERS_STRING_CATALOGS = YES;
				MTL_ENABLE_DEBUG_INFO = NO;
				MTL_FAST_MATH = YES;
				SDKROOT = iphoneos;
				SWIFT_COMPILATION_MODE = wholemodule;
				VALIDATE_PRODUCT = YES;
			};
			name = Release;
		};
/* End XCBuildConfiguration section */

/* Begin XCConfigurationList section */
		C05A26E22C8746850052F53A /* Build configuration list for PBXProject "WorkoutMap" */ = {
			isa = XCConfigurationList;
			buildConfigurations = (
				C05A26FB2C8746870052F53A /* Debug */,
				C05A26FC2C8746870052F53A /* Release */,
			);
			defaultConfigurationIsVisible = 0;
			defaultConfigurationName = Release;
		};
		C05A26F82C8746870052F53A /* Build configuration list for PBXNativeTarget "WorkoutMap" */ = {
			isa = XCConfigurationList;
			buildConfigurations = (
				C05A26F92C8746870052F53A /* Debug */,
				C05A26FA2C8746870052F53A /* Release */,
			);
			defaultConfigurationIsVisible = 0;
			defaultConfigurationName = Release;
		};
/* End XCConfigurationList section */

/* Begin XCRemoteSwiftPackageReference section */
		C00CBBE52C9A112E0082E92D /* XCRemoteSwiftPackageReference "SwiftSDK" */ = {
			isa = XCRemoteSwiftPackageReference;
			repositoryURL = "https://github.com/TelemetryDeck/SwiftSDK";
			requirement = {
				kind = upToNextMajorVersion;
				minimumVersion = 2.3.0;
			};
		};
/* End XCRemoteSwiftPackageReference section */

/* Begin XCSwiftPackageProductDependency section */
		C00CBBE62C9A112E0082E92D /* TelemetryDeck */ = {
			isa = XCSwiftPackageProductDependency;
			package = C00CBBE52C9A112E0082E92D /* XCRemoteSwiftPackageReference "SwiftSDK" */;
			productName = TelemetryDeck;
		};
/* End XCSwiftPackageProductDependency section */
	};
	rootObject = C05A26DF2C8746850052F53A /* Project object */;
}
